PODS:
  - NVActivityIndicatorView (4.7.0):
    - NVActivityIndicatorView/Presenter (= 4.7.0)
  - NVActivityIndicatorView/Presenter (4.7.0)
  - SDWebImage (5.12.5):
    - SDWebImage/Core (= 5.12.5)
  - SDWebImage/Core (5.12.5)

DEPENDENCIES:
  - NVActivityIndicatorView (~> 4.7.0)
  - SDWebImage (~> 5.0)

SPEC REPOS:
  trunk:
    - NVActivityIndicatorView
    - SDWebImage

SPEC CHECKSUMS:
  NVActivityIndicatorView: b19ddab2576f805cbe0fb2306cba3476e09a1dea
  SDWebImage: 0905f1b7760fc8ac4198cae0036600d67478751e

PODFILE CHECKSUM: e6121597c32235b68195afeeec00141d0451efdd

COCOAPODS: 1.11.2
